// !$*UTF8*$!
{
	archiveVersion = 1;
	classes = {
	};
	objectVersion = 50;
	objects = {

/* Begin PBXBuildFile section */
		39FB8ED823D1E4F40069BF43 /* AppDelegate.swift in Sources */ = {isa = PBXBuildFile; fileRef = 39FB8ED723D1E4F40069BF43 /* AppDelegate.swift */; };
		39FB8EDA23D1E4F40069BF43 /* SceneDelegate.swift in Sources */ = {isa = PBXBuildFile; fileRef = 39FB8ED923D1E4F40069BF43 /* SceneDelegate.swift */; };
		39FB8EDC23D1E4F40069BF43 /* ContentView.swift in Sources */ = {isa = PBXBuildFile; fileRef = 39FB8EDB23D1E4F40069BF43 /* ContentView.swift */; };
		39FB8EDE23D1E4FA0069BF43 /* Assets.xcassets in Resources */ = {isa = PBXBuildFile; fileRef = 39FB8EDD23D1E4FA0069BF43 /* Assets.xcassets */; };
		39FB8EE123D1E4FA0069BF43 /* Preview Assets.xcassets in Resources */ = {isa = PBXBuildFile; fileRef = 39FB8EE023D1E4FA0069BF43 /* Preview Assets.xcassets */; };
		39FB8EE423D1E4FA0069BF43 /* LaunchScreen.storyboard in Resources */ = {isa = PBXBuildFile; fileRef = 39FB8EE223D1E4FA0069BF43 /* LaunchScreen.storyboard */; };
		39FB8EEF23D1E4FB0069BF43 /* Berlin_ToursTests.swift in Sources */ = {isa = PBXBuildFile; fileRef = 39FB8EEE23D1E4FB0069BF43 /* Berlin_ToursTests.swift */; };
		39FB8EFA23D1E4FB0069BF43 /* Berlin_ToursUITests.swift in Sources */ = {isa = PBXBuildFile; fileRef = 39FB8EF923D1E4FB0069BF43 /* Berlin_ToursUITests.swift */; };
/* End PBXBuildFile section */

/* Begin PBXContainerItemProxy section */
		39FB8EEB23D1E4FB0069BF43 /* PBXContainerItemProxy */ = {
			isa = PBXContainerItemProxy;
			containerPortal = 39FB8ECC23D1E4F40069BF43 /* Project object */;
			proxyType = 1;
			remoteGlobalIDString = 39FB8ED323D1E4F40069BF43;
			remoteInfo = "Berlin Tours";
		};
		39FB8EF623D1E4FB0069BF43 /* PBXContainerItemProxy */ = {
			isa = PBXContainerItemProxy;
			containerPortal = 39FB8ECC23D1E4F40069BF43 /* Project object */;
			proxyType = 1;
			remoteGlobalIDString = 39FB8ED323D1E4F40069BF43;
			remoteInfo = "Berlin Tours";
		};
/* End PBXContainerItemProxy section */

/* Begin PBXFileReference section */
		39FB8ED423D1E4F40069BF43 /* Berlin Tours.app */ = {isa = PBXFileReference; explicitFileType = wrapper.application; includeInIndex = 0; path = "Berlin Tours.app"; sourceTree = BUILT_PRODUCTS_DIR; };
		39FB8ED723D1E4F40069BF43 /* AppDelegate.swift */ = {isa = PBXFileReference; lastKnownFileType = sourcecode.swift; path = AppDelegate.swift; sourceTree = "<group>"; };
		39FB8ED923D1E4F40069BF43 /* SceneDelegate.swift */ = {isa = PBXFileReference; lastKnownFileType = sourcecode.swift; path = SceneDelegate.swift; sourceTree = "<group>"; };
		39FB8EDB23D1E4F40069BF43 /* ContentView.swift */ = {isa = PBXFileReference; lastKnownFileType = sourcecode.swift; path = ContentView.swift; sourceTree = "<group>"; };
		39FB8EDD23D1E4FA0069BF43 /* Assets.xcassets */ = {isa = PBXFileReference; lastKnownFileType = folder.assetcatalog; path = Assets.xcassets; sourceTree = "<group>"; };
		39FB8EE023D1E4FA0069BF43 /* Preview Assets.xcassets */ = {isa = PBXFileReference; lastKnownFileType = folder.assetcatalog; path = "Preview Assets.xcassets"; sourceTree = "<group>"; };
		39FB8EE323D1E4FA0069BF43 /* Base */ = {isa = PBXFileReference; lastKnownFileType = file.storyboard; name = Base; path = Base.lproj/LaunchScreen.storyboard; sourceTree = "<group>"; };
		39FB8EE523D1E4FA0069BF43 /* Info.plist */ = {isa = PBXFileReference; lastKnownFileType = text.plist.xml; path = Info.plist; sourceTree = "<group>"; };
		39FB8EEA23D1E4FB0069BF43 /* Berlin ToursTests.xctest */ = {isa = PBXFileReference; explicitFileType = wrapper.cfbundle; includeInIndex = 0; path = "Berlin ToursTests.xctest"; sourceTree = BUILT_PRODUCTS_DIR; };
		39FB8EEE23D1E4FB0069BF43 /* Berlin_ToursTests.swift */ = {isa = PBXFileReference; lastKnownFileType = sourcecode.swift; path = Berlin_ToursTests.swift; sourceTree = "<group>"; };
		39FB8EF023D1E4FB0069BF43 /* Info.plist */ = {isa = PBXFileReference; lastKnownFileType = text.plist.xml; path = Info.plist; sourceTree = "<group>"; };
		39FB8EF523D1E4FB0069BF43 /* Berlin ToursUITests.xctest */ = {isa = PBXFileReference; explicitFileType = wrapper.cfbundle; includeInIndex = 0; path = "Berlin ToursUITests.xctest"; sourceTree = BUILT_PRODUCTS_DIR; };
		39FB8EF923D1E4FB0069BF43 /* Berlin_ToursUITests.swift */ = {isa = PBXFileReference; lastKnownFileType = sourcecode.swift; path = Berlin_ToursUITests.swift; sourceTree = "<group>"; };
		39FB8EFB23D1E4FB0069BF43 /* Info.plist */ = {isa = PBXFileReference; lastKnownFileType = text.plist.xml; path = Info.plist; sourceTree = "<group>"; };
/* End PBXFileReference section */

/* Begin PBXFrameworksBuildPhase section */
		39FB8ED123D1E4F40069BF43 /* Frameworks */ = {
			isa = PBXFrameworksBuildPhase;
			buildActionMask = 2147483647;
			files = (
			);
			runOnlyForDeploymentPostprocessing = 0;
		};
		39FB8EE723D1E4FB0069BF43 /* Frameworks */ = {
			isa = PBXFrameworksBuildPhase;
			buildActionMask = 2147483647;
			files = (
			);
			runOnlyForDeploymentPostprocessing = 0;
		};
		39FB8EF223D1E4FB0069BF43 /* Frameworks */ = {
			isa = PBXFrameworksBuildPhase;
			buildActionMask = 2147483647;
			files = (
			);
			runOnlyForDeploymentPostprocessing = 0;
		};
/* End PBXFrameworksBuildPhase section */

/* Begin PBXGroup section */
		39FB8ECB23D1E4F40069BF43 = {
			isa = PBXGroup;
			children = (
				39FB8ED623D1E4F40069BF43 /* Berlin Tours */,
				39FB8EED23D1E4FB0069BF43 /* Berlin ToursTests */,
				39FB8EF823D1E4FB0069BF43 /* Berlin ToursUITests */,
				39FB8ED523D1E4F40069BF43 /* Products */,
			);
			sourceTree = "<group>";
		};
		39FB8ED523D1E4F40069BF43 /* Products */ = {
			isa = PBXGroup;
			children = (
				39FB8ED423D1E4F40069BF43 /* Berlin Tours.app */,
				39FB8EEA23D1E4FB0069BF43 /* Berlin ToursTests.xctest */,
				39FB8EF523D1E4FB0069BF43 /* Berlin ToursUITests.xctest */,
			);
			name = Products;
			sourceTree = "<group>";
		};
		39FB8ED623D1E4F40069BF43 /* Berlin Tours */ = {
			isa = PBXGroup;
			children = (
				39FB8ED723D1E4F40069BF43 /* AppDelegate.swift */,
				39FB8ED923D1E4F40069BF43 /* SceneDelegate.swift */,
				39FB8EDB23D1E4F40069BF43 /* ContentView.swift */,
				39FB8EDD23D1E4FA0069BF43 /* Assets.xcassets */,
				39FB8EE223D1E4FA0069BF43 /* LaunchScreen.storyboard */,
				39FB8EE523D1E4FA0069BF43 /* Info.plist */,
				39FB8EDF23D1E4FA0069BF43 /* Preview Content */,
			);
			path = "Berlin Tours";
			sourceTree = "<group>";
		};
		39FB8EDF23D1E4FA0069BF43 /* Preview Content */ = {
			isa = PBXGroup;
			children = (
				39FB8EE023D1E4FA0069BF43 /* Preview Assets.xcassets */,
			);
			path = "Preview Content";
			sourceTree = "<group>";
		};
		39FB8EED23D1E4FB0069BF43 /* Berlin ToursTests */ = {
			isa = PBXGroup;
			children = (
				39FB8EEE23D1E4FB0069BF43 /* Berlin_ToursTests.swift */,
				39FB8EF023D1E4FB0069BF43 /* Info.plist */,
			);
			path = "Berlin ToursTests";
			sourceTree = "<group>";
		};
		39FB8EF823D1E4FB0069BF43 /* Berlin ToursUITests */ = {
			isa = PBXGroup;
			children = (
				39FB8EF923D1E4FB0069BF43 /* Berlin_ToursUITests.swift */,
				39FB8EFB23D1E4FB0069BF43 /* Info.plist */,
			);
			path = "Berlin ToursUITests";
			sourceTree = "<group>";
		};
/* End PBXGroup section */

/* Begin PBXNativeTarget section */
		39FB8ED323D1E4F40069BF43 /* Berlin Tours */ = {
			isa = PBXNativeTarget;
			buildConfigurationList = 39FB8EFE23D1E4FB0069BF43 /* Build configuration list for PBXNativeTarget "Berlin Tours" */;
			buildPhases = (
				39FB8ED023D1E4F40069BF43 /* Sources */,
				39FB8ED123D1E4F40069BF43 /* Frameworks */,
				39FB8ED223D1E4F40069BF43 /* Resources */,
			);
			buildRules = (
			);
			dependencies = (
			);
			name = "Berlin Tours";
			productName = "Berlin Tours";
			productReference = 39FB8ED423D1E4F40069BF43 /* Berlin Tours.app */;
			productType = "com.apple.product-type.application";
		};
		39FB8EE923D1E4FB0069BF43 /* Berlin ToursTests */ = {
			isa = PBXNativeTarget;
			buildConfigurationList = 39FB8F0123D1E4FB0069BF43 /* Build configuration list for PBXNativeTarget "Berlin ToursTests" */;
			buildPhases = (
				39FB8EE623D1E4FB0069BF43 /* Sources */,
				39FB8EE723D1E4FB0069BF43 /* Frameworks */,
				39FB8EE823D1E4FB0069BF43 /* Resources */,
			);
			buildRules = (
			);
			dependencies = (
				39FB8EEC23D1E4FB0069BF43 /* PBXTargetDependency */,
			);
			name = "Berlin ToursTests";
			productName = "Berlin ToursTests";
			productReference = 39FB8EEA23D1E4FB0069BF43 /* Berlin ToursTests.xctest */;
			productType = "com.apple.product-type.bundle.unit-test";
		};
		39FB8EF423D1E4FB0069BF43 /* Berlin ToursUITests */ = {
			isa = PBXNativeTarget;
			buildConfigurationList = 39FB8F0423D1E4FB0069BF43 /* Build configuration list for PBXNativeTarget "Berlin ToursUITests" */;
			buildPhases = (
				39FB8EF123D1E4FB0069BF43 /* Sources */,
				39FB8EF223D1E4FB0069BF43 /* Frameworks */,
				39FB8EF323D1E4FB0069BF43 /* Resources */,
			);
			buildRules = (
			);
			dependencies = (
				39FB8EF723D1E4FB0069BF43 /* PBXTargetDependency */,
			);
			name = "Berlin ToursUITests";
			productName = "Berlin ToursUITests";
			productReference = 39FB8EF523D1E4FB0069BF43 /* Berlin ToursUITests.xctest */;
			productType = "com.apple.product-type.bundle.ui-testing";
		};
/* End PBXNativeTarget section */

/* Begin PBXProject section */
		39FB8ECC23D1E4F40069BF43 /* Project object */ = {
			isa = PBXProject;
			attributes = {
				LastSwiftUpdateCheck = 1130;
				LastUpgradeCheck = 1130;
				ORGANIZATIONNAME = "Ahmad Ismail";
				TargetAttributes = {
					39FB8ED323D1E4F40069BF43 = {
						CreatedOnToolsVersion = 11.3;
					};
					39FB8EE923D1E4FB0069BF43 = {
						CreatedOnToolsVersion = 11.3;
						TestTargetID = 39FB8ED323D1E4F40069BF43;
					};
					39FB8EF423D1E4FB0069BF43 = {
						CreatedOnToolsVersion = 11.3;
						TestTargetID = 39FB8ED323D1E4F40069BF43;
					};
				};
			};
			buildConfigurationList = 39FB8ECF23D1E4F40069BF43 /* Build configuration list for PBXProject "Berlin Tours" */;
			compatibilityVersion = "Xcode 9.3";
			developmentRegion = en;
			hasScannedForEncodings = 0;
			knownRegions = (
				en,
				Base,
			);
			mainGroup = 39FB8ECB23D1E4F40069BF43;
			productRefGroup = 39FB8ED523D1E4F40069BF43 /* Products */;
			projectDirPath = "";
			projectRoot = "";
			targets = (
				39FB8ED323D1E4F40069BF43 /* Berlin Tours */,
				39FB8EE923D1E4FB0069BF43 /* Berlin ToursTests */,
				39FB8EF423D1E4FB0069BF43 /* Berlin ToursUITests */,
			);
		};
/* End PBXProject section */

/* Begin PBXResourcesBuildPhase section */
		39FB8ED223D1E4F40069BF43 /* Resources */ = {
			isa = PBXResourcesBuildPhase;
			buildActionMask = 2147483647;
			files = (
				39FB8EE423D1E4FA0069BF43 /* LaunchScreen.storyboard in Resources */,
				39FB8EE123D1E4FA0069BF43 /* Preview Assets.xcassets in Resources */,
				39FB8EDE23D1E4FA0069BF43 /* Assets.xcassets in Resources */,
			);
			runOnlyForDeploymentPostprocessing = 0;
		};
		39FB8EE823D1E4FB0069BF43 /* Resources */ = {
			isa = PBXResourcesBuildPhase;
			buildActionMask = 2147483647;
			files = (
			);
			runOnlyForDeploymentPostprocessing = 0;
		};
		39FB8EF323D1E4FB0069BF43 /* Resources */ = {
			isa = PBXResourcesBuildPhase;
			buildActionMask = 2147483647;
			files = (
			);
			runOnlyForDeploymentPostprocessing = 0;
		};
/* End PBXResourcesBuildPhase section */

/* Begin PBXSourcesBuildPhase section */
		39FB8ED023D1E4F40069BF43 /* Sources */ = {
			isa = PBXSourcesBuildPhase;
			buildActionMask = 2147483647;
			files = (
				39FB8ED823D1E4F40069BF43 /* AppDelegate.swift in Sources */,
				39FB8EDA23D1E4F40069BF43 /* SceneDelegate.swift in Sources */,
				39FB8EDC23D1E4F40069BF43 /* ContentView.swift in Sources */,
			);
			runOnlyForDeploymentPostprocessing = 0;
		};
		39FB8EE623D1E4FB0069BF43 /* Sources */ = {
			isa = PBXSourcesBuildPhase;
			buildActionMask = 2147483647;
			files = (
				39FB8EEF23D1E4FB0069BF43 /* Berlin_ToursTests.swift in Sources */,
			);
			runOnlyForDeploymentPostprocessing = 0;
		};
		39FB8EF123D1E4FB0069BF43 /* Sources */ = {
			isa = PBXSourcesBuildPhase;
			buildActionMask = 2147483647;
			files = (
				39FB8EFA23D1E4FB0069BF43 /* Berlin_ToursUITests.swift in Sources */,
			);
			runOnlyForDeploymentPostprocessing = 0;
		};
/* End PBXSourcesBuildPhase section */

/* Begin PBXTargetDependency section */
		39FB8EEC23D1E4FB0069BF43 /* PBXTargetDependency */ = {
			isa = PBXTargetDependency;
			target = 39FB8ED323D1E4F40069BF43 /* Berlin Tours */;
			targetProxy = 39FB8EEB23D1E4FB0069BF43 /* PBXContainerItemProxy */;
		};
		39FB8EF723D1E4FB0069BF43 /* PBXTargetDependency */ = {
			isa = PBXTargetDependency;
			target = 39FB8ED323D1E4F40069BF43 /* Berlin Tours */;
			targetProxy = 39FB8EF623D1E4FB0069BF43 /* PBXContainerItemProxy */;
		};
/* End PBXTargetDependency section */

/* Begin PBXVariantGroup section */
		39FB8EE223D1E4FA0069BF43 /* LaunchScreen.storyboard */ = {
			isa = PBXVariantGroup;
			children = (
				39FB8EE323D1E4FA0069BF43 /* Base */,
			);
			name = LaunchScreen.storyboard;
			sourceTree = "<group>";
		};
/* End PBXVariantGroup section */

/* Begin XCBuildConfiguration section */
		39FB8EFC23D1E4FB0069BF43 /* Debug */ = {
			isa = XCBuildConfiguration;
			buildSettings = {
				ALWAYS_SEARCH_USER_PATHS = NO;
				CLANG_ANALYZER_NONNULL = YES;
				CLANG_ANALYZER_NUMBER_OBJECT_CONVERSION = YES_AGGRESSIVE;
				CLANG_CXX_LANGUAGE_STANDARD = "gnu++14";
				CLANG_CXX_LIBRARY = "libc++";
				CLANG_ENABLE_MODULES = YES;
				CLANG_ENABLE_OBJC_ARC = YES;
				CLANG_ENABLE_OBJC_WEAK = YES;
				CLANG_WARN_BLOCK_CAPTURE_AUTORELEASING = YES;
				CLANG_WARN_BOOL_CONVERSION = YES;
				CLANG_WARN_COMMA = YES;
				CLANG_WARN_CONSTANT_CONVERSION = YES;
				CLANG_WARN_DEPRECATED_OBJC_IMPLEMENTATIONS = YES;
				CLANG_WARN_DIRECT_OBJC_ISA_USAGE = YES_ERROR;
				CLANG_WARN_DOCUMENTATION_COMMENTS = YES;
				CLANG_WARN_EMPTY_BODY = YES;
				CLANG_WARN_ENUM_CONVERSION = YES;
				CLANG_WARN_INFINITE_RECURSION = YES;
				CLANG_WARN_INT_CONVERSION = YES;
				CLANG_WARN_NON_LITERAL_NULL_CONVERSION = YES;
				CLANG_WARN_OBJC_IMPLICIT_RETAIN_SELF = YES;
				CLANG_WARN_OBJC_LITERAL_CONVERSION = YES;
				CLANG_WARN_OBJC_ROOT_CLASS = YES_ERROR;
				CLANG_WARN_RANGE_LOOP_ANALYSIS = YES;
				CLANG_WARN_STRICT_PROTOTYPES = YES;
				CLANG_WARN_SUSPICIOUS_MOVE = YES;
				CLANG_WARN_UNGUARDED_AVAILABILITY = YES_AGGRESSIVE;
				CLANG_WARN_UNREACHABLE_CODE = YES;
				CLANG_WARN__DUPLICATE_METHOD_MATCH = YES;
				COPY_PHASE_STRIP = NO;
				DEBUG_INFORMATION_FORMAT = dwarf;
				ENABLE_STRICT_OBJC_MSGSEND = YES;
				ENABLE_TESTABILITY = YES;
				GCC_C_LANGUAGE_STANDARD = gnu11;
				GCC_DYNAMIC_NO_PIC = NO;
				GCC_NO_COMMON_BLOCKS = YES;
				GCC_OPTIMIZATION_LEVEL = 0;
				GCC_PREPROCESSOR_DEFINITIONS = (
					"DEBUG=1",
					"$(inherited)",
				);
				GCC_WARN_64_TO_32_BIT_CONVERSION = YES;
				GCC_WARN_ABOUT_RETURN_TYPE = YES_ERROR;
				GCC_WARN_UNDECLARED_SELECTOR = YES;
				GCC_WARN_UNINITIALIZED_AUTOS = YES_AGGRESSIVE;
				GCC_WARN_UNUSED_FUNCTION = YES;
				GCC_WARN_UNUSED_VARIABLE = YES;
				IPHONEOS_DEPLOYMENT_TARGET = 13.2;
				MTL_ENABLE_DEBUG_INFO = INCLUDE_SOURCE;
				MTL_FAST_MATH = YES;
				ONLY_ACTIVE_ARCH = YES;
				SDKROOT = iphoneos;
				SWIFT_ACTIVE_COMPILATION_CONDITIONS = DEBUG;
				SWIFT_OPTIMIZATION_LEVEL = "-Onone";
			};
			name = Debug;
		};
		39FB8EFD23D1E4FB0069BF43 /* Release */ = {
			isa = XCBuildConfiguration;
			buildSettings = {
				ALWAYS_SEARCH_USER_PATHS = NO;
				CLANG_ANALYZER_NONNULL = YES;
				CLANG_ANALYZER_NUMBER_OBJECT_CONVERSION = YES_AGGRESSIVE;
				CLANG_CXX_LANGUAGE_STANDARD = "gnu++14";
				CLANG_CXX_LIBRARY = "libc++";
				CLANG_ENABLE_MODULES = YES;
				CLANG_ENABLE_OBJC_ARC = YES;
				CLANG_ENABLE_OBJC_WEAK = YES;
				CLANG_WARN_BLOCK_CAPTURE_AUTORELEASING = YES;
				CLANG_WARN_BOOL_CONVERSION = YES;
				CLANG_WARN_COMMA = YES;
				CLANG_WARN_CONSTANT_CONVERSION = YES;
				CLANG_WARN_DEPRECATED_OBJC_IMPLEMENTATIONS = YES;
				CLANG_WARN_DIRECT_OBJC_ISA_USAGE = YES_ERROR;
				CLANG_WARN_DOCUMENTATION_COMMENTS = YES;
				CLANG_WARN_EMPTY_BODY = YES;
				CLANG_WARN_ENUM_CONVERSION = YES;
				CLANG_WARN_INFINITE_RECURSION = YES;
				CLANG_WARN_INT_CONVERSION = YES;
				CLANG_WARN_NON_LITERAL_NULL_CONVERSION = YES;
				CLANG_WARN_OBJC_IMPLICIT_RETAIN_SELF = YES;
				CLANG_WARN_OBJC_LITERAL_CONVERSION = YES;
				CLANG_WARN_OBJC_ROOT_CLASS = YES_ERROR;
				CLANG_WARN_RANGE_LOOP_ANALYSIS = YES;
				CLANG_WARN_STRICT_PROTOTYPES = YES;
				CLANG_WARN_SUSPICIOUS_MOVE = YES;
				CLANG_WARN_UNGUARDED_AVAILABILITY = YES_AGGRESSIVE;
				CLANG_WARN_UNREACHABLE_CODE = YES;
				CLANG_WARN__DUPLICATE_METHOD_MATCH = YES;
				COPY_PHASE_STRIP = NO;
				DEBUG_INFORMATION_FORMAT = "dwarf-with-dsym";
				ENABLE_NS_ASSERTIONS = NO;
				ENABLE_STRICT_OBJC_MSGSEND = YES;
				GCC_C_LANGUAGE_STANDARD = gnu11;
				GCC_NO_COMMON_BLOCKS = YES;
				GCC_WARN_64_TO_32_BIT_CONVERSION = YES;
				GCC_WARN_ABOUT_RETURN_TYPE = YES_ERROR;
				GCC_WARN_UNDECLARED_SELECTOR = YES;
				GCC_WARN_UNINITIALIZED_AUTOS = YES_AGGRESSIVE;
				GCC_WARN_UNUSED_FUNCTION = YES;
				GCC_WARN_UNUSED_VARIABLE = YES;
				IPHONEOS_DEPLOYMENT_TARGET = 13.2;
				MTL_ENABLE_DEBUG_INFO = NO;
				MTL_FAST_MATH = YES;
				SDKROOT = iphoneos;
				SWIFT_COMPILATION_MODE = wholemodule;
				SWIFT_OPTIMIZATION_LEVEL = "-O";
				VALIDATE_PRODUCT = YES;
			};
			name = Release;
		};
		39FB8EFF23D1E4FB0069BF43 /* Debug */ = {
			isa = XCBuildConfiguration;
			buildSettings = {
				ASSETCATALOG_COMPILER_APPICON_NAME = AppIcon;
				CODE_SIGN_STYLE = Automatic;
				DEVELOPMENT_ASSET_PATHS = "\"Berlin Tours/Preview Content\"";
				DEVELOPMENT_TEAM = L5WD9S6X36;
				ENABLE_PREVIEWS = YES;
				INFOPLIST_FILE = "Berlin Tours/Info.plist";
				LD_RUNPATH_SEARCH_PATHS = (
					"$(inherited)",
					"@executable_path/Frameworks",
				);
				PRODUCT_BUNDLE_IDENTIFIER = "com.AhmadIsmail.Berlin-Tours";
				PRODUCT_NAME = "$(TARGET_NAME)";
				SWIFT_VERSION = 5.0;
				TARGETED_DEVICE_FAMILY = "1,2";
			};
			name = Debug;
		};
		39FB8F0023D1E4FB0069BF43 /* Release */ = {
			isa = XCBuildConfiguration;
			buildSettings = {
				ASSETCATALOG_COMPILER_APPICON_NAME = AppIcon;
				CODE_SIGN_STYLE = Automatic;
				DEVELOPMENT_ASSET_PATHS = "\"Berlin Tours/Preview Content\"";
				DEVELOPMENT_TEAM = L5WD9S6X36;
				ENABLE_PREVIEWS = YES;
				INFOPLIST_FILE = "Berlin Tours/Info.plist";
				LD_RUNPATH_SEARCH_PATHS = (
					"$(inherited)",
					"@executable_path/Frameworks",
				);
				PRODUCT_BUNDLE_IDENTIFIER = "com.AhmadIsmail.Berlin-Tours";
				PRODUCT_NAME = "$(TARGET_NAME)";
				SWIFT_VERSION = 5.0;
				TARGETED_DEVICE_FAMILY = "1,2";
			};
			name = Release;
		};
		39FB8F0223D1E4FB0069BF43 /* Debug */ = {
			isa = XCBuildConfiguration;
			buildSettings = {
				ALWAYS_EMBED_SWIFT_STANDARD_LIBRARIES = YES;
				BUNDLE_LOADER = "$(TEST_HOST)";
				CODE_SIGN_STYLE = Automatic;
				DEVELOPMENT_TEAM = L5WD9S6X36;
				INFOPLIST_FILE = "Berlin ToursTests/Info.plist";
				IPHONEOS_DEPLOYMENT_TARGET = 13.2;
				LD_RUNPATH_SEARCH_PATHS = (
					"$(inherited)",
					"@executable_path/Frameworks",
					"@loader_path/Frameworks",
				);
				PRODUCT_BUNDLE_IDENTIFIER = "com.AhmadIsmail.Berlin-ToursTests";
				PRODUCT_NAME = "$(TARGET_NAME)";
				SWIFT_VERSION = 5.0;
				TARGETED_DEVICE_FAMILY = "1,2";
				TEST_HOST = "$(BUILT_PRODUCTS_DIR)/Berlin Tours.app/Berlin Tours";
			};
			name = Debug;
		};
		39FB8F0323D1E4FB0069BF43 /* Release */ = {
			isa = XCBuildConfiguration;
			buildSettings = {
				ALWAYS_EMBED_SWIFT_STANDARD_LIBRARIES = YES;
				BUNDLE_LOADER = "$(TEST_HOST)";
				CODE_SIGN_STYLE = Automatic;
				DEVELOPMENT_TEAM = L5WD9S6X36;
				INFOPLIST_FILE = "Berlin ToursTests/Info.plist";
				IPHONEOS_DEPLOYMENT_TARGET = 13.2;
				LD_RUNPATH_SEARCH_PATHS = (
					"$(inherited)",
					"@executable_path/Frameworks",
					"@loader_path/Frameworks",
				);
				PRODUCT_BUNDLE_IDENTIFIER = "com.AhmadIsmail.Berlin-ToursTests";
				PRODUCT_NAME = "$(TARGET_NAME)";
				SWIFT_VERSION = 5.0;
				TARGETED_DEVICE_FAMILY = "1,2";
				TEST_HOST = "$(BUILT_PRODUCTS_DIR)/Berlin Tours.app/Berlin Tours";
			};
			name = Release;
		};
		39FB8F0523D1E4FB0069BF43 /* Debug */ = {
			isa = XCBuildConfiguration;
			buildSettings = {
				ALWAYS_EMBED_SWIFT_STANDARD_LIBRARIES = YES;
				CODE_SIGN_STYLE = Automatic;
				DEVELOPMENT_TEAM = L5WD9S6X36;
				INFOPLIST_FILE = "Berlin ToursUITests/Info.plist";
				LD_RUNPATH_SEARCH_PATHS = (
					"$(inherited)",
					"@executable_path/Frameworks",
					"@loader_path/Frameworks",
				);
				PRODUCT_BUNDLE_IDENTIFIER = "com.AhmadIsmail.Berlin-ToursUITests";
				PRODUCT_NAME = "$(TARGET_NAME)";
				SWIFT_VERSION = 5.0;
				TARGETED_DEVICE_FAMILY = "1,2";
				TEST_TARGET_NAME = "Berlin Tours";
			};
			name = Debug;
		};
		39FB8F0623D1E4FB0069BF43 /* Release */ = {
			isa = XCBuildConfiguration;
			buildSettings = {
				ALWAYS_EMBED_SWIFT_STANDARD_LIBRARIES = YES;
				CODE_SIGN_STYLE = Automatic;
				DEVELOPMENT_TEAM = L5WD9S6X36;
				INFOPLIST_FILE = "Berlin ToursUITests/Info.plist";
				LD_RUNPATH_SEARCH_PATHS = (
					"$(inherited)",
					"@executable_path/Frameworks",
					"@loader_path/Frameworks",
				);
				PRODUCT_BUNDLE_IDENTIFIER = "com.AhmadIsmail.Berlin-ToursUITests";
				PRODUCT_NAME = "$(TARGET_NAME)";
				SWIFT_VERSION = 5.0;
				TARGETED_DEVICE_FAMILY = "1,2";
				TEST_TARGET_NAME = "Berlin Tours";
			};
			name = Release;
		};
/* End XCBuildConfiguration section */

/* Begin XCConfigurationList section */
		39FB8ECF23D1E4F40069BF43 /* Build configuration list for PBXProject "Berlin Tours" */ = {
			isa = XCConfigurationList;
			buildConfigurations = (
				39FB8EFC23D1E4FB0069BF43 /* Debug */,
				39FB8EFD23D1E4FB0069BF43 /* Release */,
			);
			defaultConfigurationIsVisible = 0;
			defaultConfigurationName = Release;
		};
		39FB8EFE23D1E4FB0069BF43 /* Build configuration list for PBXNativeTarget "Berlin Tours" */ = {
			isa = XCConfigurationList;
			buildConfigurations = (
				39FB8EFF23D1E4FB0069BF43 /* Debug */,
				39FB8F0023D1E4FB0069BF43 /* Release */,
			);
			defaultConfigurationIsVisible = 0;
			defaultConfigurationName = Release;
		};
		39FB8F0123D1E4FB0069BF43 /* Build configuration list for PBXNativeTarget "Berlin ToursTests" */ = {
			isa = XCConfigurationList;
			buildConfigurations = (
				39FB8F0223D1E4FB0069BF43 /* Debug */,
				39FB8F0323D1E4FB0069BF43 /* Release */,
			);
			defaultConfigurationIsVisible = 0;
			defaultConfigurationName = Release;
		};
		39FB8F0423D1E4FB0069BF43 /* Build configuration list for PBXNativeTarget "Berlin ToursUITests" */ = {
			isa = XCConfigurationList;
			buildConfigurations = (
				39FB8F0523D1E4FB0069BF43 /* Debug */,
				39FB8F0623D1E4FB0069BF43 /* Release */,
			);
			defaultConfigurationIsVisible = 0;
			defaultConfigurationName = Release;
		};
/* End XCConfigurationList section */
	};
	rootObject = 39FB8ECC23D1E4F40069BF43 /* Project object */;
}
